{
  "name": "json2md",
  "version": "1.9.1",
  "lockfileVersion": 1,
  "requires": true,
  "dependencies": {
    "ansi-styles": {
      "version": "3.2.1",
      "resolved": "https://registry.npmjs.org/ansi-styles/-/ansi-styles-3.2.1.tgz",
      "integrity": "sha512-VT0ZI6kZRdTh8YyJw3SMbYm/u+NqfsAxEpWO0Pf9sq8/e94WxxOpPKx9FR1FlyCtOVDNOQ+8ntlqFxiRc+r5qA==",
      "dev": true,
      "requires": {
        "color-convert": "^1.9.0"
      }
    },
    "ansy": {
      "version": "1.0.14",
      "resolved": "https://registry.npmjs.org/ansy/-/ansy-1.0.14.tgz",
      "integrity": "sha512-6EZU3oFiAFR5KdxMfBC7L9A5WtMSO9rXietMuQ0STnHx2n2qgrDld+7JkT2j9FHWRVOHekdH5nMs5Hry4oJzyg==",
      "dev": true,
      "requires": {
        "ansi-styles": "^3.0.0",
        "custom-return": "^1.0.0",
        "supports-color": "^3.1.2",
        "ul": "^5.2.1"
      }
    },
    "camelo": {
      "version": "1.1.12",
      "resolved": "https://registry.npmjs.org/camelo/-/camelo-1.1.12.tgz",
      "integrity": "sha512-qyY6IgFJUglfYeyL5drpjFMbaRjFRTTFeYRmoSkOCf+lazypMz3IcZk4HaE2NZra/b9XdSQi2W01HmaZymNoxA==",
      "dev": true,
      "requires": {
        "regex-escape": "^3.3.0",
        "uc-first-array": "^1.0.0"
      }
    },
    "charm": {
      "version": "0.1.2",
      "resolved": "https://registry.npmjs.org/charm/-/charm-0.1.2.tgz",
      "integrity": "sha1-BsIe7RobBq62dVPNxT4jJ0usIpY=",
      "dev": true
    },
    "color-convert": {
      "version": "1.9.3",
      "resolved": "https://registry.npmjs.org/color-convert/-/color-convert-1.9.3.tgz",
      "integrity": "sha512-QfAUtd+vFdAtFQcC8CCyYt1fYWxSqAiK2cSD6zDB8N3cpsEBAvRxp9zOGg6G/SHHJYAT88/az/IuDGALsNVbGg==",
      "dev": true,
      "requires": {
        "color-name": "1.1.3"
      }
    },
    "color-it": {
      "version": "1.2.11",
      "resolved": "https://registry.npmjs.org/color-it/-/color-it-1.2.11.tgz",
      "integrity": "sha512-h5sw1F/paJHxzSCsXVBAOGAK6vHUO17yPbVmFENNwYNGAZotOvHMBSS+BieLBbruyfa8aIf6YDrUwnCLFNmEiQ==",
      "dev": true,
      "requires": {
        "couleurs": "^6.0.6",
        "flat-colors": "^3.1.0",
        "iterate-object": "^1.1.0",
        "typpy": "^2.3.3"
      }
    },
    "color-name": {
      "version": "1.1.3",
      "resolved": "https://registry.npmjs.org/color-name/-/color-name-1.1.3.tgz",
      "integrity": "sha1-p9BVi9icQveV3UIyj3QIMcpTvCU=",
      "dev": true
    },
    "couleurs": {
      "version": "6.0.10",
      "resolved": "https://registry.npmjs.org/couleurs/-/couleurs-6.0.10.tgz",
      "integrity": "sha512-16ZvhVjVhEP75sMflsPtXcwbly+79os1zhBVcpRWNmnwifEbZChW+0URYING/A2ehBwp8i0pOXJYzdpiGO3Ivw==",
      "dev": true,
      "requires": {
        "ansy": "^1.0.0",
        "color-convert": "^1.0.0",
        "iterate-object": "^1.3.1",
        "typpy": "^2.3.1"
      }
    },
    "custom-return": {
      "version": "1.0.11",
      "resolved": "https://registry.npmjs.org/custom-return/-/custom-return-1.0.11.tgz",
      "integrity": "sha512-CM64m2bV2IQ1MiKRErXR3mRlIiFkIjkQGktTMVPXbmmKCZEiO/YGUlrg69/Gg2tGTSNv+Kyd3+bNJEJIlxhZbA==",
      "dev": true,
      "requires": {
        "noop6": "^1.0.0"
      }
    },
    "deep-is": {
      "version": "0.1.3",
      "resolved": "https://registry.npmjs.org/deep-is/-/deep-is-0.1.3.tgz",
      "integrity": "sha1-s2nW+128E+7PUk+RsHD+7cNXzzQ=",
      "dev": true
    },
    "deffy": {
      "version": "2.2.3",
      "resolved": "https://registry.npmjs.org/deffy/-/deffy-2.2.3.tgz",
      "integrity": "sha512-c5JD8Z6V1aBWVzn1+aELL97R1pHCwEjXeU3hZXdigkZkxb9vhgFP162kAxGXl992TtAg0btwQyx7d54CqcQaXQ==",
      "dev": true,
      "requires": {
        "typpy": "^2.0.0"
      }
    },
    "define-properties": {
      "version": "1.1.3",
      "resolved": "https://registry.npmjs.org/define-properties/-/define-properties-1.1.3.tgz",
      "integrity": "sha512-3MqfYKj2lLzdMSf8ZIZE/V+Zuy+BgD6f164e8K2w7dgnpKArBDerGYpM46IYYcjnkdPNMjPk9A6VFB8+3SKlXQ==",
      "dev": true,
      "requires": {
        "object-keys": "^1.0.12"
      }
    },
    "difflet": {
      "version": "1.0.1",
      "resolved": "https://registry.npmjs.org/difflet/-/difflet-1.0.1.tgz",
      "integrity": "sha1-GJ+PkDnk7krD6pQ9TeZtJZllsTw=",
      "dev": true,
      "requires": {
        "charm": "0.1.x",
        "deep-is": "0.1.x",
        "traverse": "0.6.x"
      }
    },
    "emoji-logger": {
      "version": "1.0.14",
      "resolved": "https://registry.npmjs.org/emoji-logger/-/emoji-logger-1.0.14.tgz",
      "integrity": "sha512-4JF0c4k1xNl9Dl4mrOWFKZDzOeHCaUnrAwak+Cxb3udluvzf7iTtPi33iuzx01x0UZCor/mvaMj/lf/0Flak2A==",
      "dev": true,
      "requires": {
        "color-it": "^1.2.0",
        "deffy": "^2.2.2",
        "emojic": "^1.1.0",
        "err": "^1.1.0",
        "indento": "^1.1.0",
        "is-win": "^1.0.4",
        "ul": "^5.2.0"
      }
    },
    "emojic": {
      "version": "1.1.15",
      "resolved": "https://registry.npmjs.org/emojic/-/emojic-1.1.15.tgz",
      "integrity": "sha512-Rm2fQkSfPmCI9Gf876L4LVxvmBzTp+F5MPo9pxkJlXaU0MAOOeT0bPcqX3NMugMI80IdYlthfeMMBWfU+/54LQ==",
      "dev": true,
      "requires": {
        "camelo": "^1.0.0",
        "emojilib": "^2.0.2",
        "iterate-object": "^1.2.0",
        "r-json": "^1.1.0"
      }
    },
    "emojilib": {
      "version": "2.4.0",
      "resolved": "https://registry.npmjs.org/emojilib/-/emojilib-2.4.0.tgz",
      "integrity": "sha512-5U0rVMU5Y2n2+ykNLQqMoqklN9ICBT/KsvC1Gz6vqHbz2AXXGkG+Pm5rMWk/8Vjrr/mY9985Hi8DYzn1F09Nyw==",
      "dev": true
    },
    "err": {
      "version": "1.1.1",
      "resolved": "https://registry.npmjs.org/err/-/err-1.1.1.tgz",
      "integrity": "sha1-65KOLhGjFmSPeCgz0PlyWLpDwvg=",
      "dev": true,
      "requires": {
        "typpy": "^2.2.0"
      }
    },
    "es-abstract": {
      "version": "1.14.2",
      "resolved": "https://registry.npmjs.org/es-abstract/-/es-abstract-1.14.2.tgz",
      "integrity": "sha512-DgoQmbpFNOofkjJtKwr87Ma5EW4Dc8fWhD0R+ndq7Oc456ivUfGOOP6oAZTTKl5/CcNMP+EN+e3/iUzgE0veZg==",
      "dev": true,
      "requires": {
        "es-to-primitive": "^1.2.0",
        "function-bind": "^1.1.1",
        "has": "^1.0.3",
        "has-symbols": "^1.0.0",
        "is-callable": "^1.1.4",
        "is-regex": "^1.0.4",
        "object-inspect": "^1.6.0",
        "object-keys": "^1.1.1",
        "string.prototype.trimleft": "^2.0.0",
        "string.prototype.trimright": "^2.0.0"
      }
    },
    "es-to-primitive": {
      "version": "1.2.0",
      "resolved": "https://registry.npmjs.org/es-to-primitive/-/es-to-primitive-1.2.0.tgz",
      "integrity": "sha512-qZryBOJjV//LaxLTV6UC//WewneB3LcXOL9NP++ozKVXsIIIpm/2c13UDiD9Jp2eThsecw9m3jPqDwTyobcdbg==",
      "dev": true,
      "requires": {
        "is-callable": "^1.1.4",
        "is-date-object": "^1.0.1",
        "is-symbol": "^1.0.2"
      }
    },
    "expect": {
      "version": "1.20.2",
      "resolved": "https://registry.npmjs.org/expect/-/expect-1.20.2.tgz",
      "integrity": "sha1-1Fj+TFYAQDa64yMkFqP2Nh8E+WU=",
      "dev": true,
      "requires": {
        "define-properties": "~1.1.2",
        "has": "^1.0.1",
        "is-equal": "^1.5.1",
        "is-regex": "^1.0.3",
        "object-inspect": "^1.1.0",
        "object-keys": "^1.0.9",
        "tmatch": "^2.0.1"
      }
    },
    "flat-colors": {
      "version": "3.3.11",
      "resolved": "https://registry.npmjs.org/flat-colors/-/flat-colors-3.3.11.tgz",
      "integrity": "sha512-JLOPZKATex6dUscEn2pbvYiNPbUoxubBN+wu2meJ/V4j6Jhuw3fJaPQBoOIk2D9Ndq1l6GAhiw+SW7d//Lg3Dg==",
      "dev": true
    },
    "function-bind": {
      "version": "1.1.1",
      "resolved": "https://registry.npmjs.org/function-bind/-/function-bind-1.1.1.tgz",
      "integrity": "sha512-yIovAzMX49sF8Yl58fSCWJ5svSLuaibPxXQJFLmBObTuCr0Mf1KiPopGM9NiFjiYBCbfaa2Fh6breQ6ANVTI0A==",
      "dev": true
    },
    "function.name": {
      "version": "1.0.12",
      "resolved": "https://registry.npmjs.org/function.name/-/function.name-1.0.12.tgz",
      "integrity": "sha512-C7Tu+rAFrWW5RjXqtKtXp2xOdCujq+4i8ZH3w0uz/xrYHBwXZrPt96x8cDAEHrIjeyEv/Jm6iDGyqupbaVQTlw==",
      "dev": true,
      "requires": {
        "noop6": "^1.0.1"
      }
    },
    "has": {
      "version": "1.0.3",
      "resolved": "https://registry.npmjs.org/has/-/has-1.0.3.tgz",
      "integrity": "sha512-f2dvO0VU6Oej7RkWJGrehjbzMAjFp5/VKPp5tTpWIV4JHHZK1/BxbFRtf/siA2SWTe09caDmVtYYzWEIbBS4zw==",
      "dev": true,
      "requires": {
        "function-bind": "^1.1.1"
      }
    },
    "has-flag": {
      "version": "1.0.0",
      "resolved": "https://registry.npmjs.org/has-flag/-/has-flag-1.0.0.tgz",
      "integrity": "sha1-nZ55MWXOAXoA8AQYxD+UKnsdEfo=",
      "dev": true
    },
    "has-symbols": {
      "version": "1.0.0",
      "resolved": "https://registry.npmjs.org/has-symbols/-/has-symbols-1.0.0.tgz",
      "integrity": "sha1-uhqPGvKg/DllD1yFA2dwQSIGO0Q=",
      "dev": true
    },
    "indento": {
      "version": "1.1.12",
      "resolved": "https://registry.npmjs.org/indento/-/indento-1.1.12.tgz",
      "integrity": "sha512-hWlFlRL6dd06MU5SsOZZ6kzO7t/7ZjcxWh1Yf/MjGtyKQMC8SPS5GbZ2XqMBGaGn+HM2QQawYxSLtS7Zv0w0BQ=="
    },
    "is-arrow-function": {
      "version": "2.0.3",
      "resolved": "https://registry.npmjs.org/is-arrow-function/-/is-arrow-function-2.0.3.tgz",
      "integrity": "sha1-Kb4sLY2UUIUri7r7Y1unuNjofsI=",
      "dev": true,
      "requires": {
        "is-callable": "^1.0.4"
      }
    },
    "is-boolean-object": {
      "version": "1.0.0",
      "resolved": "https://registry.npmjs.org/is-boolean-object/-/is-boolean-object-1.0.0.tgz",
      "integrity": "sha1-mPiygDBoQhmpXzdc+9iM40Bd/5M=",
      "dev": true
    },
    "is-callable": {
      "version": "1.1.4",
      "resolved": "https://registry.npmjs.org/is-callable/-/is-callable-1.1.4.tgz",
      "integrity": "sha512-r5p9sxJjYnArLjObpjA4xu5EKI3CuKHkJXMhT7kwbpUyIFD1n5PMAsoPvWnvtZiNz7LjkYDRZhd7FlI0eMijEA==",
      "dev": true
    },
    "is-date-object": {
      "version": "1.0.1",
      "resolved": "https://registry.npmjs.org/is-date-object/-/is-date-object-1.0.1.tgz",
      "integrity": "sha1-mqIOtq7rv/d/vTPnTKAbM1gdOhY=",
      "dev": true
    },
    "is-equal": {
      "version": "1.5.5",
      "resolved": "https://registry.npmjs.org/is-equal/-/is-equal-1.5.5.tgz",
      "integrity": "sha1-XoXxlX4FKIMkf+s4aWWju6Ffuz0=",
      "dev": true,
      "requires": {
        "has": "^1.0.1",
        "is-arrow-function": "^2.0.3",
        "is-boolean-object": "^1.0.0",
        "is-callable": "^1.1.3",
        "is-date-object": "^1.0.1",
        "is-generator-function": "^1.0.6",
        "is-number-object": "^1.0.3",
        "is-regex": "^1.0.3",
        "is-string": "^1.0.4",
        "is-symbol": "^1.0.1",
        "object.entries": "^1.0.4"
      }
    },
    "is-generator-function": {
      "version": "1.0.7",
      "resolved": "https://registry.npmjs.org/is-generator-function/-/is-generator-function-1.0.7.tgz",
      "integrity": "sha512-YZc5EwyO4f2kWCax7oegfuSr9mFz1ZvieNYBEjmukLxgXfBUbxAWGVF7GZf0zidYtoBl3WvC07YK0wT76a+Rtw==",
      "dev": true
    },
    "is-number-object": {
      "version": "1.0.3",
      "resolved": "https://registry.npmjs.org/is-number-object/-/is-number-object-1.0.3.tgz",
      "integrity": "sha1-8mWrian0RQNO9q/xWo8AsA9VF5k=",
      "dev": true
    },
    "is-regex": {
      "version": "1.0.4",
      "resolved": "https://registry.npmjs.org/is-regex/-/is-regex-1.0.4.tgz",
      "integrity": "sha1-VRdIm1RwkbCTDglWVM7SXul+lJE=",
      "dev": true,
      "requires": {
        "has": "^1.0.1"
      }
    },
    "is-string": {
      "version": "1.0.4",
      "resolved": "https://registry.npmjs.org/is-string/-/is-string-1.0.4.tgz",
      "integrity": "sha1-zDqbaYV9Yh6WNyWiTK7shzuCbmQ=",
      "dev": true
    },
    "is-symbol": {
      "version": "1.0.2",
      "resolved": "https://registry.npmjs.org/is-symbol/-/is-symbol-1.0.2.tgz",
      "integrity": "sha512-HS8bZ9ox60yCJLH9snBpIwv9pYUAkcuLhSA1oero1UB5y9aiQpRA8y2ex945AOtCZL1lJDeIk3G5LthswI46Lw==",
      "dev": true,
      "requires": {
        "has-symbols": "^1.0.0"
      }
    },
    "is-win": {
      "version": "1.0.9",
      "resolved": "https://registry.npmjs.org/is-win/-/is-win-1.0.9.tgz",
      "integrity": "sha512-YRT/Lz4mMDl11TgyicW+EQdfkswgmd0PWSmf4612ZDe1A0uAz9vkWxHA+87ZoP2f3PUmpNuNdW6ZD8QQOX4nwA==",
      "dev": true
    },
    "iterate-object": {
      "version": "1.3.3",
      "resolved": "https://registry.npmjs.org/iterate-object/-/iterate-object-1.3.3.tgz",
      "integrity": "sha512-DximWbkke36cnrSfNJv6bgcB2QOMV9PRD2FiowwzCoMsh8RupFLdbNIzWe+cVDWT+NIMNJgGlB1dGxP6kpzGtA==",
      "dev": true
    },
    "noop6": {
      "version": "1.0.8",
      "resolved": "https://registry.npmjs.org/noop6/-/noop6-1.0.8.tgz",
      "integrity": "sha512-+Al5csMVc40I8xRfJsyBcN1IbpyvebOuQmMfxdw+AL6ECELey12ANgNTRhMfTwNIDU4W9W0g8EHLcsb3+3qPFA==",
      "dev": true
    },
    "object-inspect": {
      "version": "1.6.0",
      "resolved": "https://registry.npmjs.org/object-inspect/-/object-inspect-1.6.0.tgz",
      "integrity": "sha512-GJzfBZ6DgDAmnuaM3104jR4s1Myxr3Y3zfIyN4z3UdqN69oSRacNK8UhnobDdC+7J2AHCjGwxQubNJfE70SXXQ==",
      "dev": true
    },
    "object-keys": {
      "version": "1.1.1",
      "resolved": "https://registry.npmjs.org/object-keys/-/object-keys-1.1.1.tgz",
      "integrity": "sha512-NuAESUOUMrlIXOfHKzD6bpPu3tYt3xvjNdRIQ+FeT0lNb4K8WR70CaDxhuNguS2XG+GjkyMwOzsN5ZktImfhLA==",
      "dev": true
    },
    "object.entries": {
      "version": "1.1.0",
      "resolved": "https://registry.npmjs.org/object.entries/-/object.entries-1.1.0.tgz",
      "integrity": "sha512-l+H6EQ8qzGRxbkHOd5I/aHRhHDKoQXQ8g0BYt4uSweQU1/J6dZUOyWh9a2Vky35YCKjzmgxOzta2hH6kf9HuXA==",
      "dev": true,
      "requires": {
        "define-properties": "^1.1.3",
        "es-abstract": "^1.12.0",
        "function-bind": "^1.1.1",
        "has": "^1.0.3"
      }
    },
    "queoid": {
      "version": "1.1.8",
      "resolved": "https://registry.npmjs.org/queoid/-/queoid-1.1.8.tgz",
      "integrity": "sha512-nH5FDlzbWk6i770ebYjZ2hqf57TQe2seavum7xkpg9oIXKNBrt2tZhFHgQsW7MEJwJkJK+KXKtLtudbsC9VivQ==",
      "dev": true
    },
    "r-json": {
      "version": "1.2.9",
      "resolved": "https://registry.npmjs.org/r-json/-/r-json-1.2.9.tgz",
      "integrity": "sha512-E5u25XBE7PpZmH5XwtthAmNvSLMTygDQMpcPtCTUBdvwPaqgIYJrxlRQJhG55Sgz7uC0Tuyh5nqNrsDT3uiefA==",
      "dev": true
    },
    "regex-escape": {
      "version": "3.4.9",
      "resolved": "https://registry.npmjs.org/regex-escape/-/regex-escape-3.4.9.tgz",
      "integrity": "sha512-Cv9rjwyQwVhn3L097ysanWsEElurmxDj6Cc4Ut23z7e6hzRbrNvF3Le7yAciMfuzyb0sZwSr0ZHunMNCIoy2/g==",
      "dev": true
    },
    "string.prototype.trimleft": {
      "version": "2.1.0",
      "resolved": "https://registry.npmjs.org/string.prototype.trimleft/-/string.prototype.trimleft-2.1.0.tgz",
      "integrity": "sha512-FJ6b7EgdKxxbDxc79cOlok6Afd++TTs5szo+zJTUyow3ycrRfJVE2pq3vcN53XexvKZu/DJMDfeI/qMiZTrjTw==",
      "dev": true,
      "requires": {
        "define-properties": "^1.1.3",
        "function-bind": "^1.1.1"
      }
    },
    "string.prototype.trimright": {
      "version": "2.1.0",
      "resolved": "https://registry.npmjs.org/string.prototype.trimright/-/string.prototype.trimright-2.1.0.tgz",
      "integrity": "sha512-fXZTSV55dNBwv16uw+hh5jkghxSnc5oHq+5K/gXgizHwAvMetdAJlHqqoFC1FSDVPYWLkAKl2cxpUT41sV7nSg==",
      "dev": true,
      "requires": {
        "define-properties": "^1.1.3",
        "function-bind": "^1.1.1"
      }
    },
    "supports-color": {
      "version": "3.2.3",
      "resolved": "https://registry.npmjs.org/supports-color/-/supports-color-3.2.3.tgz",
      "integrity": "sha1-ZawFBLOVQXHYpklGsq48u4pfVPY=",
      "dev": true,
      "requires": {
        "has-flag": "^1.0.0"
      }
    },
    "tester": {
      "version": "1.4.4",
      "resolved": "https://registry.npmjs.org/tester/-/tester-1.4.4.tgz",
      "integrity": "sha512-5qoJDyiFaZj8A4JmARgcy299sgksjL2E/IDHFZOegidKyX0jo98T/adXI0oxdQHdMbUjpqs54RyfBi1FSkdYQw==",
      "dev": true,
      "requires": {
        "difflet": "^1.0.1",
        "emoji-logger": "^1.0.11",
        "expect": "^1.13.0",
        "is-win": "^1.0.7",
        "queoid": "^1.0.0",
        "try-async": "^1.0.0"
      }
    },
    "tmatch": {
      "version": "2.0.1",
      "resolved": "https://registry.npmjs.org/tmatch/-/tmatch-2.0.1.tgz",
      "integrity": "sha1-DFYkbzPzDaG409colauvFmYPOM8=",
      "dev": true
    },
    "traverse": {
      "version": "0.6.6",
      "resolved": "https://registry.npmjs.org/traverse/-/traverse-0.6.6.tgz",
      "integrity": "sha1-y99WD9e5r2MlAv7UD5GMFX6pcTc=",
      "dev": true
    },
    "try-async": {
      "version": "1.1.9",
      "resolved": "https://registry.npmjs.org/try-async/-/try-async-1.1.9.tgz",
      "integrity": "sha512-HjIS9jrmhOeoLGs1r5PDhQpChcA9P+pvZukqmN6jLt2apMRhRkreAYjcMp1GA2LIcqzwIskXzqhezOPdcROWxg==",
      "dev": true
    },
    "typpy": {
      "version": "2.3.11",
      "resolved": "https://registry.npmjs.org/typpy/-/typpy-2.3.11.tgz",
      "integrity": "sha512-Jh/fykZSaxeKO0ceMAs6agki9T5TNA9kiIR6fzKbvafKpIw8UlNlHhzuqKyi5lfJJ5VojJOx9tooIbyy7vHV/g==",
      "dev": true,
      "requires": {
        "function.name": "^1.0.3"
      }
    },
    "uc-first-array": {
      "version": "1.1.9",
      "resolved": "https://registry.npmjs.org/uc-first-array/-/uc-first-array-1.1.9.tgz",
      "integrity": "sha512-RHBUloM1Onz7ZKplDU0FWIXWHxU8Ylztw/ORsFY/py6If5B+8PWd39j9ll+i8jUaAAs2Rs2lKMbxvm4u8Q2dbg==",
      "dev": true,
      "requires": {
        "ucfirst": "^1.0.0"
      }
    },
    "ucfirst": {
      "version": "1.0.0",
      "resolved": "https://registry.npmjs.org/ucfirst/-/ucfirst-1.0.0.tgz",
      "integrity": "sha1-ThBbZEjQXiZOzsQ14LkZNjxfLy8=",
      "dev": true
    },
    "ul": {
      "version": "5.2.14",
      "resolved": "https://registry.npmjs.org/ul/-/ul-5.2.14.tgz",
      "integrity": "sha512-VaIRQZ5nkEd8VtI3OYo5qNbhHQuBtPtu5k5GrYaKCmcP1H+FkuWtS+XFTSU1oz5GiuAg2FJL5ka8ufr9zdm8eg==",
      "dev": true,
      "requires": {
        "deffy": "^2.2.2",
        "typpy": "^2.3.4"
      }
    }
  }
}
